
Microsoft Visual Studio Solution File, Format Version 12.00
# Visual Studio 2013
VisualStudioVersion = 12.0.31101.0
MinimumVisualStudioVersion = 10.0.40219.1
Project("{FAE04EC0-301F-11D3-BF4B-00C04F79EFBC}") = "WinDroid Universal Android Toolkit", "WinDroid Universal Android Toolkit\WinDroid Universal Android Toolkit.csproj", "{04189371-3AA9-4351-8626-EA5F215E2410}"
EndProject
Project("{FAE04EC0-301F-11D3-BF4B-00C04F79EFBC}") = "AndroidLib", "..\..\..\..\Desktop\Android\Toolkits\AndroidLib-master\AndroidLib-master\AndroidLib\AndroidLib.csproj", "{F5F92F16-C783-4B17-B725-B06F1D725B9C}"
EndProject
Global
	GlobalSection(SolutionConfigurationPlatforms) = preSolution
		Debug|Any CPU = Debug|Any CPU
		Release|Any CPU = Release|Any CPU
	EndGlobalSection
	GlobalSection(ProjectConfigurationPlatforms) = postSolution
		{04189371-3AA9-4351-8626-EA5F215E2410}.Debug|Any CPU.ActiveCfg = Debug|Any CPU
		{04189371-3AA9-4351-8626-EA5F215E2410}.Debug|Any CPU.Build.0 = Debug|Any CPU
		{04189371-3AA9-4351-8626-EA5F215E2410}.Release|Any CPU.ActiveCfg = Release|Any CPU
		{04189371-3AA9-4351-8626-EA5F215E2410}.Release|Any CPU.Build.0 = Release|Any CPU
		{F5F92F16-C783-4B17-B725-B06F1D725B9C}.Debug|Any CPU.ActiveCfg = Debug|Any CPU
		{F5F92F16-C783-4B17-B725-B06F1D725B9C}.Debug|Any CPU.Build.0 = Debug|Any CPU
		{F5F92F16-C783-4B17-B725-B06F1D725B9C}.Release|Any CPU.ActiveCfg = Release|Any CPU
		{F5F92F16-C783-4B17-B725-B06F1D725B9C}.Release|Any CPU.Build.0 = Release|Any CPU
	EndGlobalSection
	GlobalSection(SolutionProperties) = preSolution
		HideSolutionNode = FALSE
	EndGlobalSection
EndGlobal
